{
  "name": "overseer",
  "version": "0.0.2",
  "lockfileVersion": 1,
  "requires": true,
  "dependencies": {
    "angular": {
      "version": "1.4.0",
      "resolved": "https://registry.npmjs.org/angular/-/angular-1.4.0.tgz",
      "integrity": "sha1-yksFznSd1AZiwNBmkh8tAanIKhM="
    },
    "angular-animate": {
      "version": "1.4.0",
      "resolved": "https://registry.npmjs.org/angular-animate/-/angular-animate-1.4.0.tgz",
      "integrity": "sha1-XB/6qam/tb1um+eIxsWMgiUTunA="
    },
    "angular-aria": {
      "version": "1.4.0",
      "resolved": "https://registry.npmjs.org/angular-aria/-/angular-aria-1.4.0.tgz",
      "integrity": "sha1-2tiFrvPfGmRO092CS7hTprCYu3M="
    },
    "angular-chart.js": {
      "version": "0.7.6",
      "resolved": "https://registry.npmjs.org/angular-chart.js/-/angular-chart.js-0.7.6.tgz",
      "integrity": "sha1-7yEedXZcdgHD/zrlOwodsCj/mxE="
    },
    "angular-chosen-localytics": {
      "version": "1.9.3",
      "resolved": "https://registry.npmjs.org/angular-chosen-localytics/-/angular-chosen-localytics-1.9.3.tgz",
      "integrity": "sha512-ruvcI8gxgeHXbycZ5rW/tkPeCy0uQfsEuGts9ectmV6Bob/bIMthWbx3tf4DUMKF0Ed7hUf2ipwGrS/ZphXB3Q==",
      "requires": {
        "angular": "1.7.9",
        "chosen-js": "1.8.7",
        "jquery": "3.5.0"
      },
      "dependencies": {
        "angular": {
          "version": "1.7.9",
          "resolved": "https://registry.npmjs.org/angular/-/angular-1.7.9.tgz",
          "integrity": "sha512-5se7ZpcOtu0MBFlzGv5dsM1quQDoDeUTwZrWjGtTNA7O88cD8TEk5IEKCTDa3uECV9XnvKREVUr7du1ACiWGFQ=="
        }
      }
    },
    "angular-material": {
      "version": "0.9.7",
      "resolved": "https://registry.npmjs.org/angular-material/-/angular-material-0.9.7.tgz",
      "integrity": "sha1-hTKDJVPUQesG8XvxgicaJOM6tH4="
    },
    "angular-material-icons": {
      "version": "0.4.0",
      "resolved": "https://registry.npmjs.org/angular-material-icons/-/angular-material-icons-0.4.0.tgz",
      "integrity": "sha1-6QsERlL1624rCYSFq4Bo+9L6gsE=",
      "requires": {
        "angular": "1.3.20"
      },
      "dependencies": {
        "angular": {
          "version": "1.3.20",
          "resolved": "https://registry.npmjs.org/angular/-/angular-1.3.20.tgz",
          "integrity": "sha1-sjo9fF5/mffZW5tNSbmsNVJpuu4="
        }
      }
    },
    "angular-route": {
      "version": "1.4.0",
      "resolved": "https://registry.npmjs.org/angular-route/-/angular-route-1.4.0.tgz",
      "integrity": "sha1-WYAAMeFv+hxLwf+8xwP39BcnzsI="
    },
    "angular-ui-router": {
      "version": "0.2.15",
      "resolved": "https://registry.npmjs.org/angular-ui-router/-/angular-ui-router-0.2.15.tgz",
      "integrity": "sha1-h7YbqPK86FiVxmeaD5Pwq5dsuuU="
    },
    "angular-websocket": {
      "version": "1.1.0",
      "resolved": "https://registry.npmjs.org/angular-websocket/-/angular-websocket-1.1.0.tgz",
      "integrity": "sha1-ntJyrnn9qcai046xquooqNjXwww=",
      "requires": {
        "angular": "1.4.0",
        "ws": "1.1.5"
      }
    },
    "animate.css": {
      "version": "3.7.2",
      "resolved": "https://registry.npmjs.org/animate.css/-/animate.css-3.7.2.tgz",
      "integrity": "sha512-0bE8zYo7C0KvgOYrSVfrzkbYk6IOTVPNqkiHg2cbyF4Pq/PXzilz4BRWA3hwEUBoMp5VBgrC29lQIZyhRWdBTw=="
    },
    "bootstrap": {
      "version": "3.3.5",
      "resolved": "https://registry.npmjs.org/bootstrap/-/bootstrap-3.3.5.tgz",
      "integrity": "sha1-F3ereSmbEo2H3OfL2G/cRqxpwLE="
    },
    "chart.js": {
      "version": "2.9.4",
      "resolved": "https://registry.npmjs.org/chart.js/-/chart.js-2.9.4.tgz",
      "integrity": "sha512-B07aAzxcrikjAPyV+01j7BmOpxtQETxTSlQ26BEYJ+3iUkbNKaOJ/nDbT6JjyqYxseM0ON12COHYdU2cTIjC7A==",
      "requires": {
        "chartjs-color": "^2.1.0",
        "moment": "^2.10.2"
      },
      "dependencies": {
        "moment": {
          "version": "2.29.1",
          "resolved": "https://registry.npmjs.org/moment/-/moment-2.29.1.tgz",
          "integrity": "sha512-kHmoybcPV8Sqy59DwNDY3Jefr64lK/by/da0ViFcuA4DH0vQg5Q6Ze5VimxkfQNSC+Mls/Kx53s7TjP1RhFEDQ=="
        }
      }
    },
    "chartjs-color": {
      "version": "2.4.1",
      "resolved": "https://registry.npmjs.org/chartjs-color/-/chartjs-color-2.4.1.tgz",
      "integrity": "sha512-haqOg1+Yebys/Ts/9bLo/BqUcONQOdr/hoEr2LLTRl6C5LXctUdHxsCYfvQVg5JIxITrfCNUDr4ntqmQk9+/0w==",
      "requires": {
        "chartjs-color-string": "^0.6.0",
        "color-convert": "^1.9.3"
      }
    },
    "chartjs-color-string": {
      "version": "0.6.0",
      "resolved": "https://registry.npmjs.org/chartjs-color-string/-/chartjs-color-string-0.6.0.tgz",
      "integrity": "sha512-TIB5OKn1hPJvO7JcteW4WY/63v6KwEdt6udfnDE9iCAZgy+V4SrbSxoIbTw/xkUIapjEI4ExGtD0+6D3KyFd7A==",
      "requires": {
        "color-name": "^1.0.0"
      }
    },
    "chosen-js": {
      "version": "1.8.7",
      "resolved": "https://registry.npmjs.org/chosen-js/-/chosen-js-1.8.7.tgz",
      "integrity": "sha512-eVdrZJ2U5ISdObkgsi0od5vIJdLwq1P1Xa/Vj/mgxkMZf14DlgobfB6nrlFi3kW4kkvKLsKk4NDqZj1MU1DCpw=="
    },
    "chosenjs": {
      "version": "1.4.3",
      "resolved": "https://registry.npmjs.org/chosenjs/-/chosenjs-1.4.3.tgz",
      "integrity": "sha1-fhcc+UQ5ILhjgYTEdGA1zAuNTCE=",
      "requires": {
        "jquery": "3.5.0"
      }
    },
    "color-convert": {
      "version": "1.9.3",
      "resolved": "https://registry.npmjs.org/color-convert/-/color-convert-1.9.3.tgz",
      "integrity": "sha512-QfAUtd+vFdAtFQcC8CCyYt1fYWxSqAiK2cSD6zDB8N3cpsEBAvRxp9zOGg6G/SHHJYAT88/az/IuDGALsNVbGg==",
      "requires": {
        "color-name": "1.1.3"
      },
      "dependencies": {
        "color-name": {
          "version": "1.1.3",
          "resolved": "https://registry.npmjs.org/color-name/-/color-name-1.1.3.tgz",
          "integrity": "sha1-p9BVi9icQveV3UIyj3QIMcpTvCU="
        }
      }
    },
    "color-name": {
      "version": "1.1.4",
      "resolved": "https://registry.npmjs.org/color-name/-/color-name-1.1.4.tgz",
      "integrity": "sha512-dOy+3AuW3a2wNbZHIuMZpTcgjGuLU/uBL/ubcZF9OXbDo8ff4O8yVp5Bf0efS8uEoYo5q4Fx7dY9OgQGXgAsQA=="
    },
    "jquery": {
      "version": "3.5.0",
      "resolved": "https://registry.npmjs.org/jquery/-/jquery-3.5.0.tgz",
      "integrity": "sha512-Xb7SVYMvygPxbFMpTFQiHh1J7HClEaThguL15N/Gg37Lri/qKyhRGZYzHRyLH8Stq3Aow0LsHO2O2ci86fCrNQ=="
    },
    "moment": {
      "version": "2.9.0",
      "resolved": "https://registry.npmjs.org/moment/-/moment-2.9.0.tgz",
      "integrity": "sha1-d+wRdfopT0JifxDI5t5jAsA29tU="
    },
    "oclazyload": {
      "version": "1.0.1",
      "resolved": "https://registry.npmjs.org/oclazyload/-/oclazyload-1.0.1.tgz",
      "integrity": "sha1-CDIJuHR2zkJAeJQhr0yIbEsp5WQ="
    },
    "options": {
      "version": "0.0.6",
      "resolved": "https://registry.npmjs.org/options/-/options-0.0.6.tgz",
      "integrity": "sha1-7CLTEoBrtT5zF3Pnza788cZDEo8="
    },
    "toastr": {
      "version": "2.1.4",
      "resolved": "https://registry.npmjs.org/toastr/-/toastr-2.1.4.tgz",
      "integrity": "sha1-i0O+ZPudDEFIcURvLbjoyk6V8YE=",
      "requires": {
        "jquery": "3.5.0"
      }
    },
    "ultron": {
      "version": "1.0.2",
      "resolved": "https://registry.npmjs.org/ultron/-/ultron-1.0.2.tgz",
      "integrity": "sha1-rOEWq1V80Zc4ak6I9GhTeMiy5Po="
    },
    "ws": {
      "version": "1.1.5",
      "resolved": "https://registry.npmjs.org/ws/-/ws-1.1.5.tgz",
      "integrity": "sha512-o3KqipXNUdS7wpQzBHSe180lBGO60SoK0yVo3CYJgb2MkobuWuBX6dhkYP5ORCLd55y+SaflMOV5fqAB53ux4w==",
      "requires": {
        "options": "0.0.6",
        "ultron": "1.0.2"
      }
    }
  }
}
